
Microsoft Visual Studio Solution File, Format Version 12.00
# Visual Studio Version 16
VisualStudioVersion = 16.0.29001.49
MinimumVisualStudioVersion = 16.0.26124.0
Project("{2150E333-8FDC-42A3-9474-1A3956D46DE8}") = "Solution Items", "Solution Items", "{E3580F9C-2DDF-488C-85C7-C689E48F5303}"
	ProjectSection(SolutionItems) = preProject
		.editorconfig = .editorconfig
		.gitattributes = .gitattributes
		.gitignore = .gitignore
		NuGet.config = NuGet.config
	EndProjectSection
EndProject
Project("{2150E333-8FDC-42A3-9474-1A3956D46DE8}") = "docs", "docs", "{7D347DC7-5535-4079-9B61-80D4B5B0E829}"
	ProjectSection(SolutionItems) = preProject
		CONTRIBUTING.md = CONTRIBUTING.md
		LICENSE.md = LICENSE.md
		README.md = README.md
	EndProjectSection
EndProject
Project("{2150E333-8FDC-42A3-9474-1A3956D46DE8}") = "src", "src", "{E75F4F9C-0E0F-4A45-A30A-D8455EAE0BB6}"
EndProject
Project("{2150E333-8FDC-42A3-9474-1A3956D46DE8}") = "URF.Core", "URF.Core", "{1AA14203-1078-4C98-8775-0486E0058722}"
EndProject
Project("{9A19103F-16F7-4668-BE54-9A1E7A4F7556}") = "URF.Core.Abstractions", "src\URF.Core\URF.Core.Abstractions\URF.Core.Abstractions.csproj", "{B6EE0CEB-C291-4A82-8809-ED485212D6BA}"
EndProject
Project("{9A19103F-16F7-4668-BE54-9A1E7A4F7556}") = "URF.Core.Abstractions.Services", "src\URF.Core\URF.Core.Abstractions.Services\URF.Core.Abstractions.Services.csproj", "{F3243F9A-FED5-40B8-9AE6-2C527E80F339}"
EndProject
Project("{9A19103F-16F7-4668-BE54-9A1E7A4F7556}") = "URF.Core.Abstractions.Trackable", "src\URF.Core\URF.Core.Abstractions.Trackable\URF.Core.Abstractions.Trackable.csproj", "{066513C9-8BC2-4655-BB1D-BB8468E2781C}"
EndProject
Project("{9A19103F-16F7-4668-BE54-9A1E7A4F7556}") = "URF.Core.EF", "src\URF.Core\URF.Core.EF\URF.Core.EF.csproj", "{BABD4B18-52DF-4165-8254-85F4BC934A87}"
EndProject
Project("{9A19103F-16F7-4668-BE54-9A1E7A4F7556}") = "URF.Core.EF.Tests", "src\URF.Core\URF.Core.EF.Tests\URF.Core.EF.Tests.csproj", "{95ADAF92-104A-41D2-B062-6A497FFA644E}"
EndProject
Project("{9A19103F-16F7-4668-BE54-9A1E7A4F7556}") = "URF.Core.EF.Trackable", "src\URF.Core\URF.Core.EF.Trackable\URF.Core.EF.Trackable.csproj", "{D2F175C3-892C-4F0E-B2DC-BD555801F978}"
EndProject
Project("{9A19103F-16F7-4668-BE54-9A1E7A4F7556}") = "URF.Core.Mongo", "src\URF.Core\URF.Core.Mongo\URF.Core.Mongo.csproj", "{9888D97E-9A4E-491D-A234-C0159E7ABCB7}"
EndProject
Project("{9A19103F-16F7-4668-BE54-9A1E7A4F7556}") = "URF.Core.Mongo.Tests", "src\URF.Core\URF.Core.Mongo.Tests\URF.Core.Mongo.Tests.csproj", "{216798C9-D0AE-4A08-A731-9A6F5BCA5655}"
EndProject
Project("{9A19103F-16F7-4668-BE54-9A1E7A4F7556}") = "URF.Core.Services", "src\URF.Core\URF.Core.Services\URF.Core.Services.csproj", "{8A76E730-5C6E-4EC0-B0EB-63EEC571BFE3}"
EndProject
Project("{9A19103F-16F7-4668-BE54-9A1E7A4F7556}") = "MicroCrm.Infrastructure", "src\MicroCrm.Data\MicroCrm.Infrastructure.csproj", "{119954DB-2ECE-4497-AA79-98A574FF7CB4}"
EndProject
Project("{9A19103F-16F7-4668-BE54-9A1E7A4F7556}") = "MicroCrm.Application", "src\MicroCrm.Domain\MicroCrm.Application.csproj", "{9A2AF20C-6FF4-4680-81DC-33C4A8993AB7}"
EndProject
Project("{9A19103F-16F7-4668-BE54-9A1E7A4F7556}") = "MicroCrm.Dto", "src\MicroCrm.Dto\MicroCrm.Dto.csproj", "{BE346C79-8A40-482C-A7D2-B4C66CC1418E}"
EndProject
Project("{9A19103F-16F7-4668-BE54-9A1E7A4F7556}") = "MicroCrm.Domain", "src\MicroCrm.Entity\MicroCrm.Domain.csproj", "{41937FED-5FC4-4834-A065-F680A19793B0}"
EndProject
Project("{9A19103F-16F7-4668-BE54-9A1E7A4F7556}") = "MicroCrm.Repository", "src\MicroCrm.Repository\MicroCrm.Repository.csproj", "{24462BC7-D157-416D-BA7E-EB80B0C89301}"
EndProject
Project("{9A19103F-16F7-4668-BE54-9A1E7A4F7556}") = "MicroCrm.Service", "src\MicroCrm.Service\MicroCrm.Service.csproj", "{8B4D3695-DD25-44C1-BEC1-5C1B3B8E7FDF}"
EndProject
Project("{9A19103F-16F7-4668-BE54-9A1E7A4F7556}") = "MicroCrm.WebUI", "src\MicroCrm.WebUI\MicroCrm.WebUI.csproj", "{4899D34C-EA26-4999-BE6D-FE3115DC0795}"
EndProject
Global
	GlobalSection(SolutionConfigurationPlatforms) = preSolution
		Debug|Any CPU = Debug|Any CPU
		Debug|x64 = Debug|x64
		Debug|x86 = Debug|x86
		Release|Any CPU = Release|Any CPU
		Release|x64 = Release|x64
		Release|x86 = Release|x86
	EndGlobalSection
	GlobalSection(ProjectConfigurationPlatforms) = postSolution
		{B6EE0CEB-C291-4A82-8809-ED485212D6BA}.Debug|Any CPU.ActiveCfg = Debug|Any CPU
		{B6EE0CEB-C291-4A82-8809-ED485212D6BA}.Debug|Any CPU.Build.0 = Debug|Any CPU
		{B6EE0CEB-C291-4A82-8809-ED485212D6BA}.Debug|x64.ActiveCfg = Debug|Any CPU
		{B6EE0CEB-C291-4A82-8809-ED485212D6BA}.Debug|x64.Build.0 = Debug|Any CPU
		{B6EE0CEB-C291-4A82-8809-ED485212D6BA}.Debug|x86.ActiveCfg = Debug|Any CPU
		{B6EE0CEB-C291-4A82-8809-ED485212D6BA}.Debug|x86.Build.0 = Debug|Any CPU
		{B6EE0CEB-C291-4A82-8809-ED485212D6BA}.Release|Any CPU.ActiveCfg = Release|Any CPU
		{B6EE0CEB-C291-4A82-8809-ED485212D6BA}.Release|Any CPU.Build.0 = Release|Any CPU
		{B6EE0CEB-C291-4A82-8809-ED485212D6BA}.Release|x64.ActiveCfg = Release|Any CPU
		{B6EE0CEB-C291-4A82-8809-ED485212D6BA}.Release|x64.Build.0 = Release|Any CPU
		{B6EE0CEB-C291-4A82-8809-ED485212D6BA}.Release|x86.ActiveCfg = Release|Any CPU
		{B6EE0CEB-C291-4A82-8809-ED485212D6BA}.Release|x86.Build.0 = Release|Any CPU
		{F3243F9A-FED5-40B8-9AE6-2C527E80F339}.Debug|Any CPU.ActiveCfg = Debug|Any CPU
		{F3243F9A-FED5-40B8-9AE6-2C527E80F339}.Debug|Any CPU.Build.0 = Debug|Any CPU
		{F3243F9A-FED5-40B8-9AE6-2C527E80F339}.Debug|x64.ActiveCfg = Debug|Any CPU
		{F3243F9A-FED5-40B8-9AE6-2C527E80F339}.Debug|x64.Build.0 = Debug|Any CPU
		{F3243F9A-FED5-40B8-9AE6-2C527E80F339}.Debug|x86.ActiveCfg = Debug|Any CPU
		{F3243F9A-FED5-40B8-9AE6-2C527E80F339}.Debug|x86.Build.0 = Debug|Any CPU
		{F3243F9A-FED5-40B8-9AE6-2C527E80F339}.Release|Any CPU.ActiveCfg = Release|Any CPU
		{F3243F9A-FED5-40B8-9AE6-2C527E80F339}.Release|Any CPU.Build.0 = Release|Any CPU
		{F3243F9A-FED5-40B8-9AE6-2C527E80F339}.Release|x64.ActiveCfg = Release|Any CPU
		{F3243F9A-FED5-40B8-9AE6-2C527E80F339}.Release|x64.Build.0 = Release|Any CPU
		{F3243F9A-FED5-40B8-9AE6-2C527E80F339}.Release|x86.ActiveCfg = Release|Any CPU
		{F3243F9A-FED5-40B8-9AE6-2C527E80F339}.Release|x86.Build.0 = Release|Any CPU
		{066513C9-8BC2-4655-BB1D-BB8468E2781C}.Debug|Any CPU.ActiveCfg = Debug|Any CPU
		{066513C9-8BC2-4655-BB1D-BB8468E2781C}.Debug|Any CPU.Build.0 = Debug|Any CPU
		{066513C9-8BC2-4655-BB1D-BB8468E2781C}.Debug|x64.ActiveCfg = Debug|Any CPU
		{066513C9-8BC2-4655-BB1D-BB8468E2781C}.Debug|x64.Build.0 = Debug|Any CPU
		{066513C9-8BC2-4655-BB1D-BB8468E2781C}.Debug|x86.ActiveCfg = Debug|Any CPU
		{066513C9-8BC2-4655-BB1D-BB8468E2781C}.Debug|x86.Build.0 = Debug|Any CPU
		{066513C9-8BC2-4655-BB1D-BB8468E2781C}.Release|Any CPU.ActiveCfg = Release|Any CPU
		{066513C9-8BC2-4655-BB1D-BB8468E2781C}.Release|Any CPU.Build.0 = Release|Any CPU
		{066513C9-8BC2-4655-BB1D-BB8468E2781C}.Release|x64.ActiveCfg = Release|Any CPU
		{066513C9-8BC2-4655-BB1D-BB8468E2781C}.Release|x64.Build.0 = Release|Any CPU
		{066513C9-8BC2-4655-BB1D-BB8468E2781C}.Release|x86.ActiveCfg = Release|Any CPU
		{066513C9-8BC2-4655-BB1D-BB8468E2781C}.Release|x86.Build.0 = Release|Any CPU
		{BABD4B18-52DF-4165-8254-85F4BC934A87}.Debug|Any CPU.ActiveCfg = Debug|Any CPU
		{BABD4B18-52DF-4165-8254-85F4BC934A87}.Debug|Any CPU.Build.0 = Debug|Any CPU
		{BABD4B18-52DF-4165-8254-85F4BC934A87}.Debug|x64.ActiveCfg = Debug|Any CPU
		{BABD4B18-52DF-4165-8254-85F4BC934A87}.Debug|x64.Build.0 = Debug|Any CPU
		{BABD4B18-52DF-4165-8254-85F4BC934A87}.Debug|x86.ActiveCfg = Debug|Any CPU
		{BABD4B18-52DF-4165-8254-85F4BC934A87}.Debug|x86.Build.0 = Debug|Any CPU
		{BABD4B18-52DF-4165-8254-85F4BC934A87}.Release|Any CPU.ActiveCfg = Release|Any CPU
		{BABD4B18-52DF-4165-8254-85F4BC934A87}.Release|Any CPU.Build.0 = Release|Any CPU
		{BABD4B18-52DF-4165-8254-85F4BC934A87}.Release|x64.ActiveCfg = Release|Any CPU
		{BABD4B18-52DF-4165-8254-85F4BC934A87}.Release|x64.Build.0 = Release|Any CPU
		{BABD4B18-52DF-4165-8254-85F4BC934A87}.Release|x86.ActiveCfg = Release|Any CPU
		{BABD4B18-52DF-4165-8254-85F4BC934A87}.Release|x86.Build.0 = Release|Any CPU
		{95ADAF92-104A-41D2-B062-6A497FFA644E}.Debug|Any CPU.ActiveCfg = Debug|Any CPU
		{95ADAF92-104A-41D2-B062-6A497FFA644E}.Debug|Any CPU.Build.0 = Debug|Any CPU
		{95ADAF92-104A-41D2-B062-6A497FFA644E}.Debug|x64.ActiveCfg = Debug|Any CPU
		{95ADAF92-104A-41D2-B062-6A497FFA644E}.Debug|x64.Build.0 = Debug|Any CPU
		{95ADAF92-104A-41D2-B062-6A497FFA644E}.Debug|x86.ActiveCfg = Debug|Any CPU
		{95ADAF92-104A-41D2-B062-6A497FFA644E}.Debug|x86.Build.0 = Debug|Any CPU
		{95ADAF92-104A-41D2-B062-6A497FFA644E}.Release|Any CPU.ActiveCfg = Release|Any CPU
		{95ADAF92-104A-41D2-B062-6A497FFA644E}.Release|Any CPU.Build.0 = Release|Any CPU
		{95ADAF92-104A-41D2-B062-6A497FFA644E}.Release|x64.ActiveCfg = Release|Any CPU
		{95ADAF92-104A-41D2-B062-6A497FFA644E}.Release|x64.Build.0 = Release|Any CPU
		{95ADAF92-104A-41D2-B062-6A497FFA644E}.Release|x86.ActiveCfg = Release|Any CPU
		{95ADAF92-104A-41D2-B062-6A497FFA644E}.Release|x86.Build.0 = Release|Any CPU
		{D2F175C3-892C-4F0E-B2DC-BD555801F978}.Debug|Any CPU.ActiveCfg = Debug|Any CPU
		{D2F175C3-892C-4F0E-B2DC-BD555801F978}.Debug|Any CPU.Build.0 = Debug|Any CPU
		{D2F175C3-892C-4F0E-B2DC-BD555801F978}.Debug|x64.ActiveCfg = Debug|Any CPU
		{D2F175C3-892C-4F0E-B2DC-BD555801F978}.Debug|x64.Build.0 = Debug|Any CPU
		{D2F175C3-892C-4F0E-B2DC-BD555801F978}.Debug|x86.ActiveCfg = Debug|Any CPU
		{D2F175C3-892C-4F0E-B2DC-BD555801F978}.Debug|x86.Build.0 = Debug|Any CPU
		{D2F175C3-892C-4F0E-B2DC-BD555801F978}.Release|Any CPU.ActiveCfg = Release|Any CPU
		{D2F175C3-892C-4F0E-B2DC-BD555801F978}.Release|Any CPU.Build.0 = Release|Any CPU
		{D2F175C3-892C-4F0E-B2DC-BD555801F978}.Release|x64.ActiveCfg = Release|Any CPU
		{D2F175C3-892C-4F0E-B2DC-BD555801F978}.Release|x64.Build.0 = Release|Any CPU
		{D2F175C3-892C-4F0E-B2DC-BD555801F978}.Release|x86.ActiveCfg = Release|Any CPU
		{D2F175C3-892C-4F0E-B2DC-BD555801F978}.Release|x86.Build.0 = Release|Any CPU
		{9888D97E-9A4E-491D-A234-C0159E7ABCB7}.Debug|Any CPU.ActiveCfg = Debug|Any CPU
		{9888D97E-9A4E-491D-A234-C0159E7ABCB7}.Debug|Any CPU.Build.0 = Debug|Any CPU
		{9888D97E-9A4E-491D-A234-C0159E7ABCB7}.Debug|x64.ActiveCfg = Debug|Any CPU
		{9888D97E-9A4E-491D-A234-C0159E7ABCB7}.Debug|x64.Build.0 = Debug|Any CPU
		{9888D97E-9A4E-491D-A234-C0159E7ABCB7}.Debug|x86.ActiveCfg = Debug|Any CPU
		{9888D97E-9A4E-491D-A234-C0159E7ABCB7}.Debug|x86.Build.0 = Debug|Any CPU
		{9888D97E-9A4E-491D-A234-C0159E7ABCB7}.Release|Any CPU.ActiveCfg = Release|Any CPU
		{9888D97E-9A4E-491D-A234-C0159E7ABCB7}.Release|Any CPU.Build.0 = Release|Any CPU
		{9888D97E-9A4E-491D-A234-C0159E7ABCB7}.Release|x64.ActiveCfg = Release|Any CPU
		{9888D97E-9A4E-491D-A234-C0159E7ABCB7}.Release|x64.Build.0 = Release|Any CPU
		{9888D97E-9A4E-491D-A234-C0159E7ABCB7}.Release|x86.ActiveCfg = Release|Any CPU
		{9888D97E-9A4E-491D-A234-C0159E7ABCB7}.Release|x86.Build.0 = Release|Any CPU
		{216798C9-D0AE-4A08-A731-9A6F5BCA5655}.Debug|Any CPU.ActiveCfg = Debug|Any CPU
		{216798C9-D0AE-4A08-A731-9A6F5BCA5655}.Debug|Any CPU.Build.0 = Debug|Any CPU
		{216798C9-D0AE-4A08-A731-9A6F5BCA5655}.Debug|x64.ActiveCfg = Debug|Any CPU
		{216798C9-D0AE-4A08-A731-9A6F5BCA5655}.Debug|x64.Build.0 = Debug|Any CPU
		{216798C9-D0AE-4A08-A731-9A6F5BCA5655}.Debug|x86.ActiveCfg = Debug|Any CPU
		{216798C9-D0AE-4A08-A731-9A6F5BCA5655}.Debug|x86.Build.0 = Debug|Any CPU
		{216798C9-D0AE-4A08-A731-9A6F5BCA5655}.Release|Any CPU.ActiveCfg = Release|Any CPU
		{216798C9-D0AE-4A08-A731-9A6F5BCA5655}.Release|Any CPU.Build.0 = Release|Any CPU
		{216798C9-D0AE-4A08-A731-9A6F5BCA5655}.Release|x64.ActiveCfg = Release|Any CPU
		{216798C9-D0AE-4A08-A731-9A6F5BCA5655}.Release|x64.Build.0 = Release|Any CPU
		{216798C9-D0AE-4A08-A731-9A6F5BCA5655}.Release|x86.ActiveCfg = Release|Any CPU
		{216798C9-D0AE-4A08-A731-9A6F5BCA5655}.Release|x86.Build.0 = Release|Any CPU
		{8A76E730-5C6E-4EC0-B0EB-63EEC571BFE3}.Debug|Any CPU.ActiveCfg = Debug|Any CPU
		{8A76E730-5C6E-4EC0-B0EB-63EEC571BFE3}.Debug|Any CPU.Build.0 = Debug|Any CPU
		{8A76E730-5C6E-4EC0-B0EB-63EEC571BFE3}.Debug|x64.ActiveCfg = Debug|Any CPU
		{8A76E730-5C6E-4EC0-B0EB-63EEC571BFE3}.Debug|x64.Build.0 = Debug|Any CPU
		{8A76E730-5C6E-4EC0-B0EB-63EEC571BFE3}.Debug|x86.ActiveCfg = Debug|Any CPU
		{8A76E730-5C6E-4EC0-B0EB-63EEC571BFE3}.Debug|x86.Build.0 = Debug|Any CPU
		{8A76E730-5C6E-4EC0-B0EB-63EEC571BFE3}.Release|Any CPU.ActiveCfg = Release|Any CPU
		{8A76E730-5C6E-4EC0-B0EB-63EEC571BFE3}.Release|Any CPU.Build.0 = Release|Any CPU
		{8A76E730-5C6E-4EC0-B0EB-63EEC571BFE3}.Release|x64.ActiveCfg = Release|Any CPU
		{8A76E730-5C6E-4EC0-B0EB-63EEC571BFE3}.Release|x64.Build.0 = Release|Any CPU
		{8A76E730-5C6E-4EC0-B0EB-63EEC571BFE3}.Release|x86.ActiveCfg = Release|Any CPU
		{8A76E730-5C6E-4EC0-B0EB-63EEC571BFE3}.Release|x86.Build.0 = Release|Any CPU
		{119954DB-2ECE-4497-AA79-98A574FF7CB4}.Debug|Any CPU.ActiveCfg = Debug|Any CPU
		{119954DB-2ECE-4497-AA79-98A574FF7CB4}.Debug|Any CPU.Build.0 = Debug|Any CPU
		{119954DB-2ECE-4497-AA79-98A574FF7CB4}.Debug|x64.ActiveCfg = Debug|Any CPU
		{119954DB-2ECE-4497-AA79-98A574FF7CB4}.Debug|x64.Build.0 = Debug|Any CPU
		{119954DB-2ECE-4497-AA79-98A574FF7CB4}.Debug|x86.ActiveCfg = Debug|Any CPU
		{119954DB-2ECE-4497-AA79-98A574FF7CB4}.Debug|x86.Build.0 = Debug|Any CPU
		{119954DB-2ECE-4497-AA79-98A574FF7CB4}.Release|Any CPU.ActiveCfg = Release|Any CPU
		{119954DB-2ECE-4497-AA79-98A574FF7CB4}.Release|Any CPU.Build.0 = Release|Any CPU
		{119954DB-2ECE-4497-AA79-98A574FF7CB4}.Release|x64.ActiveCfg = Release|Any CPU
		{119954DB-2ECE-4497-AA79-98A574FF7CB4}.Release|x64.Build.0 = Release|Any CPU
		{119954DB-2ECE-4497-AA79-98A574FF7CB4}.Release|x86.ActiveCfg = Release|Any CPU
		{119954DB-2ECE-4497-AA79-98A574FF7CB4}.Release|x86.Build.0 = Release|Any CPU
		{9A2AF20C-6FF4-4680-81DC-33C4A8993AB7}.Debug|Any CPU.ActiveCfg = Debug|Any CPU
		{9A2AF20C-6FF4-4680-81DC-33C4A8993AB7}.Debug|Any CPU.Build.0 = Debug|Any CPU
		{9A2AF20C-6FF4-4680-81DC-33C4A8993AB7}.Debug|x64.ActiveCfg = Debug|Any CPU
		{9A2AF20C-6FF4-4680-81DC-33C4A8993AB7}.Debug|x64.Build.0 = Debug|Any CPU
		{9A2AF20C-6FF4-4680-81DC-33C4A8993AB7}.Debug|x86.ActiveCfg = Debug|Any CPU
		{9A2AF20C-6FF4-4680-81DC-33C4A8993AB7}.Debug|x86.Build.0 = Debug|Any CPU
		{9A2AF20C-6FF4-4680-81DC-33C4A8993AB7}.Release|Any CPU.ActiveCfg = Release|Any CPU
		{9A2AF20C-6FF4-4680-81DC-33C4A8993AB7}.Release|Any CPU.Build.0 = Release|Any CPU
		{9A2AF20C-6FF4-4680-81DC-33C4A8993AB7}.Release|x64.ActiveCfg = Release|Any CPU
		{9A2AF20C-6FF4-4680-81DC-33C4A8993AB7}.Release|x64.Build.0 = Release|Any CPU
		{9A2AF20C-6FF4-4680-81DC-33C4A8993AB7}.Release|x86.ActiveCfg = Release|Any CPU
		{9A2AF20C-6FF4-4680-81DC-33C4A8993AB7}.Release|x86.Build.0 = Release|Any CPU
		{BE346C79-8A40-482C-A7D2-B4C66CC1418E}.Debug|Any CPU.ActiveCfg = Debug|Any CPU
		{BE346C79-8A40-482C-A7D2-B4C66CC1418E}.Debug|Any CPU.Build.0 = Debug|Any CPU
		{BE346C79-8A40-482C-A7D2-B4C66CC1418E}.Debug|x64.ActiveCfg = Debug|Any CPU
		{BE346C79-8A40-482C-A7D2-B4C66CC1418E}.Debug|x64.Build.0 = Debug|Any CPU
		{BE346C79-8A40-482C-A7D2-B4C66CC1418E}.Debug|x86.ActiveCfg = Debug|Any CPU
		{BE346C79-8A40-482C-A7D2-B4C66CC1418E}.Debug|x86.Build.0 = Debug|Any CPU
		{BE346C79-8A40-482C-A7D2-B4C66CC1418E}.Release|Any CPU.ActiveCfg = Release|Any CPU
		{BE346C79-8A40-482C-A7D2-B4C66CC1418E}.Release|Any CPU.Build.0 = Release|Any CPU
		{BE346C79-8A40-482C-A7D2-B4C66CC1418E}.Release|x64.ActiveCfg = Release|Any CPU
		{BE346C79-8A40-482C-A7D2-B4C66CC1418E}.Release|x64.Build.0 = Release|Any CPU
		{BE346C79-8A40-482C-A7D2-B4C66CC1418E}.Release|x86.ActiveCfg = Release|Any CPU
		{BE346C79-8A40-482C-A7D2-B4C66CC1418E}.Release|x86.Build.0 = Release|Any CPU
		{41937FED-5FC4-4834-A065-F680A19793B0}.Debug|Any CPU.ActiveCfg = Debug|Any CPU
		{41937FED-5FC4-4834-A065-F680A19793B0}.Debug|Any CPU.Build.0 = Debug|Any CPU
		{41937FED-5FC4-4834-A065-F680A19793B0}.Debug|x64.ActiveCfg = Debug|Any CPU
		{41937FED-5FC4-4834-A065-F680A19793B0}.Debug|x64.Build.0 = Debug|Any CPU
		{41937FED-5FC4-4834-A065-F680A19793B0}.Debug|x86.ActiveCfg = Debug|Any CPU
		{41937FED-5FC4-4834-A065-F680A19793B0}.Debug|x86.Build.0 = Debug|Any CPU
		{41937FED-5FC4-4834-A065-F680A19793B0}.Release|Any CPU.ActiveCfg = Release|Any CPU
		{41937FED-5FC4-4834-A065-F680A19793B0}.Release|Any CPU.Build.0 = Release|Any CPU
		{41937FED-5FC4-4834-A065-F680A19793B0}.Release|x64.ActiveCfg = Release|Any CPU
		{41937FED-5FC4-4834-A065-F680A19793B0}.Release|x64.Build.0 = Release|Any CPU
		{41937FED-5FC4-4834-A065-F680A19793B0}.Release|x86.ActiveCfg = Release|Any CPU
		{41937FED-5FC4-4834-A065-F680A19793B0}.Release|x86.Build.0 = Release|Any CPU
		{24462BC7-D157-416D-BA7E-EB80B0C89301}.Debug|Any CPU.ActiveCfg = Debug|Any CPU
		{24462BC7-D157-416D-BA7E-EB80B0C89301}.Debug|Any CPU.Build.0 = Debug|Any CPU
		{24462BC7-D157-416D-BA7E-EB80B0C89301}.Debug|x64.ActiveCfg = Debug|Any CPU
		{24462BC7-D157-416D-BA7E-EB80B0C89301}.Debug|x64.Build.0 = Debug|Any CPU
		{24462BC7-D157-416D-BA7E-EB80B0C89301}.Debug|x86.ActiveCfg = Debug|Any CPU
		{24462BC7-D157-416D-BA7E-EB80B0C89301}.Debug|x86.Build.0 = Debug|Any CPU
		{24462BC7-D157-416D-BA7E-EB80B0C89301}.Release|Any CPU.ActiveCfg = Release|Any CPU
		{24462BC7-D157-416D-BA7E-EB80B0C89301}.Release|Any CPU.Build.0 = Release|Any CPU
		{24462BC7-D157-416D-BA7E-EB80B0C89301}.Release|x64.ActiveCfg = Release|Any CPU
		{24462BC7-D157-416D-BA7E-EB80B0C89301}.Release|x64.Build.0 = Release|Any CPU
		{24462BC7-D157-416D-BA7E-EB80B0C89301}.Release|x86.ActiveCfg = Release|Any CPU
		{24462BC7-D157-416D-BA7E-EB80B0C89301}.Release|x86.Build.0 = Release|Any CPU
		{8B4D3695-DD25-44C1-BEC1-5C1B3B8E7FDF}.Debug|Any CPU.ActiveCfg = Debug|Any CPU
		{8B4D3695-DD25-44C1-BEC1-5C1B3B8E7FDF}.Debug|Any CPU.Build.0 = Debug|Any CPU
		{8B4D3695-DD25-44C1-BEC1-5C1B3B8E7FDF}.Debug|x64.ActiveCfg = Debug|Any CPU
		{8B4D3695-DD25-44C1-BEC1-5C1B3B8E7FDF}.Debug|x64.Build.0 = Debug|Any CPU
		{8B4D3695-DD25-44C1-BEC1-5C1B3B8E7FDF}.Debug|x86.ActiveCfg = Debug|Any CPU
		{8B4D3695-DD25-44C1-BEC1-5C1B3B8E7FDF}.Debug|x86.Build.0 = Debug|Any CPU
		{8B4D3695-DD25-44C1-BEC1-5C1B3B8E7FDF}.Release|Any CPU.ActiveCfg = Release|Any CPU
		{8B4D3695-DD25-44C1-BEC1-5C1B3B8E7FDF}.Release|Any CPU.Build.0 = Release|Any CPU
		{8B4D3695-DD25-44C1-BEC1-5C1B3B8E7FDF}.Release|x64.ActiveCfg = Release|Any CPU
		{8B4D3695-DD25-44C1-BEC1-5C1B3B8E7FDF}.Release|x64.Build.0 = Release|Any CPU
		{8B4D3695-DD25-44C1-BEC1-5C1B3B8E7FDF}.Release|x86.ActiveCfg = Release|Any CPU
		{8B4D3695-DD25-44C1-BEC1-5C1B3B8E7FDF}.Release|x86.Build.0 = Release|Any CPU
		{4899D34C-EA26-4999-BE6D-FE3115DC0795}.Debug|Any CPU.ActiveCfg = Debug|Any CPU
		{4899D34C-EA26-4999-BE6D-FE3115DC0795}.Debug|Any CPU.Build.0 = Debug|Any CPU
		{4899D34C-EA26-4999-BE6D-FE3115DC0795}.Debug|x64.ActiveCfg = Debug|Any CPU
		{4899D34C-EA26-4999-BE6D-FE3115DC0795}.Debug|x64.Build.0 = Debug|Any CPU
		{4899D34C-EA26-4999-BE6D-FE3115DC0795}.Debug|x86.ActiveCfg = Debug|Any CPU
		{4899D34C-EA26-4999-BE6D-FE3115DC0795}.Debug|x86.Build.0 = Debug|Any CPU
		{4899D34C-EA26-4999-BE6D-FE3115DC0795}.Release|Any CPU.ActiveCfg = Release|Any CPU
		{4899D34C-EA26-4999-BE6D-FE3115DC0795}.Release|Any CPU.Build.0 = Release|Any CPU
		{4899D34C-EA26-4999-BE6D-FE3115DC0795}.Release|x64.ActiveCfg = Release|Any CPU
		{4899D34C-EA26-4999-BE6D-FE3115DC0795}.Release|x64.Build.0 = Release|Any CPU
		{4899D34C-EA26-4999-BE6D-FE3115DC0795}.Release|x86.ActiveCfg = Release|Any CPU
		{4899D34C-EA26-4999-BE6D-FE3115DC0795}.Release|x86.Build.0 = Release|Any CPU
	EndGlobalSection
	GlobalSection(SolutionProperties) = preSolution
		HideSolutionNode = FALSE
	EndGlobalSection
	GlobalSection(NestedProjects) = preSolution
		{1AA14203-1078-4C98-8775-0486E0058722} = {E75F4F9C-0E0F-4A45-A30A-D8455EAE0BB6}
		{B6EE0CEB-C291-4A82-8809-ED485212D6BA} = {1AA14203-1078-4C98-8775-0486E0058722}
		{F3243F9A-FED5-40B8-9AE6-2C527E80F339} = {1AA14203-1078-4C98-8775-0486E0058722}
		{066513C9-8BC2-4655-BB1D-BB8468E2781C} = {1AA14203-1078-4C98-8775-0486E0058722}
		{BABD4B18-52DF-4165-8254-85F4BC934A87} = {1AA14203-1078-4C98-8775-0486E0058722}
		{95ADAF92-104A-41D2-B062-6A497FFA644E} = {1AA14203-1078-4C98-8775-0486E0058722}
		{D2F175C3-892C-4F0E-B2DC-BD555801F978} = {1AA14203-1078-4C98-8775-0486E0058722}
		{9888D97E-9A4E-491D-A234-C0159E7ABCB7} = {1AA14203-1078-4C98-8775-0486E0058722}
		{216798C9-D0AE-4A08-A731-9A6F5BCA5655} = {1AA14203-1078-4C98-8775-0486E0058722}
		{8A76E730-5C6E-4EC0-B0EB-63EEC571BFE3} = {1AA14203-1078-4C98-8775-0486E0058722}
		{119954DB-2ECE-4497-AA79-98A574FF7CB4} = {E75F4F9C-0E0F-4A45-A30A-D8455EAE0BB6}
		{9A2AF20C-6FF4-4680-81DC-33C4A8993AB7} = {E75F4F9C-0E0F-4A45-A30A-D8455EAE0BB6}
		{BE346C79-8A40-482C-A7D2-B4C66CC1418E} = {E75F4F9C-0E0F-4A45-A30A-D8455EAE0BB6}
		{41937FED-5FC4-4834-A065-F680A19793B0} = {E75F4F9C-0E0F-4A45-A30A-D8455EAE0BB6}
		{24462BC7-D157-416D-BA7E-EB80B0C89301} = {E75F4F9C-0E0F-4A45-A30A-D8455EAE0BB6}
		{8B4D3695-DD25-44C1-BEC1-5C1B3B8E7FDF} = {E75F4F9C-0E0F-4A45-A30A-D8455EAE0BB6}
		{4899D34C-EA26-4999-BE6D-FE3115DC0795} = {E75F4F9C-0E0F-4A45-A30A-D8455EAE0BB6}
	EndGlobalSection
	GlobalSection(ExtensibilityGlobals) = postSolution
		SolutionGuid = {A629F572-4FEF-49B0-9D97-2A2D63A669A1}
	EndGlobalSection
EndGlobal
